# THIS IS AN AUTOGENERATED FILE. DO NOT EDIT THIS FILE DIRECTLY.
# yarn lockfile v1


"@node-redis/bloom@1.0.1":
  version "1.0.1"
  resolved "https://registry.yarnpkg.com/@node-redis/bloom/-/bloom-1.0.1.tgz#144474a0b7dc4a4b91badea2cfa9538ce0a1854e"
  integrity sha512-mXEBvEIgF4tUzdIN89LiYsbi6//EdpFA7L8M+DHCvePXg+bfHWi+ct5VI6nHUFQE5+ohm/9wmgihCH3HSkeKsw==

"@node-redis/client@1.0.5":
  version "1.0.5"
  resolved "https://registry.yarnpkg.com/@node-redis/client/-/client-1.0.5.tgz#ebac5e2bbf12214042a37621604973a954ede755"
  integrity sha512-ESZ3bd1f+od62h4MaBLKum+klVJfA4wAeLHcVQBkoXa1l0viFesOWnakLQqKg+UyrlJhZmXJWtu0Y9v7iTMrig==
  dependencies:
    cluster-key-slot "1.1.0"
    generic-pool "3.8.2"
    redis-parser "3.0.0"
    yallist "4.0.0"

"@node-redis/graph@1.0.0":
  version "1.0.0"
  resolved "https://registry.yarnpkg.com/@node-redis/graph/-/graph-1.0.0.tgz#baf8eaac4a400f86ea04d65ec3d65715fd7951ab"
  integrity sha512-mRSo8jEGC0cf+Rm7q8mWMKKKqkn6EAnA9IA2S3JvUv/gaWW/73vil7GLNwion2ihTptAm05I9LkepzfIXUKX5g==

"@node-redis/json@1.0.2":
  version "1.0.2"
  resolved "https://registry.yarnpkg.com/@node-redis/json/-/json-1.0.2.tgz#8ad2d0f026698dc1a4238cc3d1eb099a3bee5ab8"
  integrity sha512-qVRgn8WfG46QQ08CghSbY4VhHFgaTY71WjpwRBGEuqGPfWwfRcIf3OqSpR7Q/45X+v3xd8mvYjywqh0wqJ8T+g==

"@node-redis/search@1.0.5":
  version "1.0.5"
  resolved "https://registry.yarnpkg.com/@node-redis/search/-/search-1.0.5.tgz#96050007eb7c50a7e47080320b4f12aca8cf94c4"
  integrity sha512-MCOL8iCKq4v+3HgEQv8zGlSkZyXSXtERgrAJ4TSryIG/eLFy84b57KmNNa/V7M1Q2Wd2hgn2nPCGNcQtk1R1OQ==

"@node-redis/time-series@1.0.2":
  version "1.0.2"
  resolved "https://registry.yarnpkg.com/@node-redis/time-series/-/time-series-1.0.2.tgz#5dd3638374edd85ebe0aa6b0e87addc88fb9df69"
  integrity sha512-HGQ8YooJ8Mx7l28tD7XjtB3ImLEjlUxG1wC1PAjxu6hPJqjPshUZxAICzDqDjtIbhDTf48WXXUcx8TQJB1XTKA==

bull@^4.8.2:
  version "4.8.2"
  resolved "https://registry.yarnpkg.com/bull/-/bull-4.8.2.tgz#0d02fe389777abe29d50fd46d123bc62e074cfcd"
  integrity sha512-S7CNIL9+vsbLKwOGkUI6mawY5iABKQJLZn5a7KPnxAZrDhFXkrxsHHXLCKUR/+Oqys3Vk5ElWdj0SLtK84b1Nw==
  dependencies:
    cron-parser "^4.2.1"
    debuglog "^1.0.0"
    get-port "^5.1.1"
    ioredis "^4.28.5"
    lodash "^4.17.21"
    msgpackr "^1.5.2"
    p-timeout "^3.2.0"
    semver "^7.3.2"
    uuid "^8.3.0"

cluster-key-slot@1.1.0, cluster-key-slot@^1.1.0:
  version "1.1.0"
  resolved "https://registry.yarnpkg.com/cluster-key-slot/-/cluster-key-slot-1.1.0.tgz#30474b2a981fb12172695833052bc0d01336d10d"
  integrity sha512-2Nii8p3RwAPiFwsnZvukotvow2rIHM+yQ6ZcBXGHdniadkYGZYiGmkHJIbZPIV9nfv7m/U1IPMVVcAhoWFeklw==

cron-parser@^4.2.1:
  version "4.3.0"
  resolved "https://registry.yarnpkg.com/cron-parser/-/cron-parser-4.3.0.tgz#16c3932fa62d0c30708d4200f510d6ca26bf35a2"
  integrity sha512-mK6qJ6k9Kn0/U7Cv6LKQnReUW3GqAW4exgwmHJGb3tPgcy0LrS+PeqxPPiwL8uW/4IJsMsCZrCc4vf1nnXMjzA==
  dependencies:
    luxon "^1.28.0"

debug@^4.3.1:
  version "4.3.4"
  resolved "https://registry.yarnpkg.com/debug/-/debug-4.3.4.tgz#1319f6579357f2338d3337d2cdd4914bb5dcc865"
  integrity sha512-PRWFHuSU3eDtQJPvnNY7Jcket1j0t5OuOsFzPPzsekD52Zl8qUfFIPEiswXqIvHWGVHOgX+7G/vCNNhehwxfkQ==
  dependencies:
    ms "2.1.2"

debuglog@^1.0.0:
  version "1.0.1"
  resolved "https://registry.yarnpkg.com/debuglog/-/debuglog-1.0.1.tgz#aa24ffb9ac3df9a2351837cfb2d279360cd78492"
  integrity sha1-qiT/uaw9+aI1GDfPstJ5NgzXhJI=

denque@^1.1.0:
  version "1.5.1"
  resolved "https://registry.yarnpkg.com/denque/-/denque-1.5.1.tgz#07f670e29c9a78f8faecb2566a1e2c11929c5cbf"
  integrity sha512-XwE+iZ4D6ZUB7mfYRMb5wByE8L74HCn30FBN7sWnXksWc1LO1bPDl67pBR9o/kC4z/xSNAwkMYcGgqDV3BE3Hw==

generic-pool@3.8.2:
  version "3.8.2"
  resolved "https://registry.yarnpkg.com/generic-pool/-/generic-pool-3.8.2.tgz#aab4f280adb522fdfbdc5e5b64d718d3683f04e9"
  integrity sha512-nGToKy6p3PAbYQ7p1UlWl6vSPwfwU6TMSWK7TTu+WUY4ZjyZQGniGGt2oNVvyNSpyZYSB43zMXVLcBm08MTMkg==

get-port@^5.1.1:
  version "5.1.1"
  resolved "https://registry.yarnpkg.com/get-port/-/get-port-5.1.1.tgz#0469ed07563479de6efb986baf053dcd7d4e3193"
  integrity sha512-g/Q1aTSDOxFpchXC4i8ZWvxA1lnPqx/JHqcpIw0/LX9T8x/GBbi6YnlN5nhaKIFkT8oFsscUKgDJYxfwfS6QsQ==

ioredis@^4.28.5:
  version "4.28.5"
  resolved "https://registry.yarnpkg.com/ioredis/-/ioredis-4.28.5.tgz#5c149e6a8d76a7f8fa8a504ffc85b7d5b6797f9f"
  integrity sha512-3GYo0GJtLqgNXj4YhrisLaNNvWSNwSS2wS4OELGfGxH8I69+XfNdnmV1AyN+ZqMh0i7eX+SWjrwFKDBDgfBC1A==
  dependencies:
    cluster-key-slot "^1.1.0"
    debug "^4.3.1"
    denque "^1.1.0"
    lodash.defaults "^4.2.0"
    lodash.flatten "^4.4.0"
    lodash.isarguments "^3.1.0"
    p-map "^2.1.0"
    redis-commands "1.7.0"
    redis-errors "^1.2.0"
    redis-parser "^3.0.0"
    standard-as-callback "^2.1.0"

lodash.defaults@^4.2.0:
  version "4.2.0"
  resolved "https://registry.yarnpkg.com/lodash.defaults/-/lodash.defaults-4.2.0.tgz#d09178716ffea4dde9e5fb7b37f6f0802274580c"
  integrity sha1-0JF4cW/+pN3p5ft7N/bwgCJ0WAw=

lodash.flatten@^4.4.0:
  version "4.4.0"
  resolved "https://registry.yarnpkg.com/lodash.flatten/-/lodash.flatten-4.4.0.tgz#f31c22225a9632d2bbf8e4addbef240aa765a61f"
  integrity sha1-8xwiIlqWMtK7+OSt2+8kCqdlph8=

lodash.isarguments@^3.1.0:
  version "3.1.0"
  resolved "https://registry.yarnpkg.com/lodash.isarguments/-/lodash.isarguments-3.1.0.tgz#2f573d85c6a24289ff00663b491c1d338ff3458a"
  integrity sha1-L1c9hcaiQon/AGY7SRwdM4/zRYo=

lodash@^4.17.21:
  version "4.17.21"
  resolved "https://registry.yarnpkg.com/lodash/-/lodash-4.17.21.tgz#679591c564c3bffaae8454cf0b3df370c3d6911c"
  integrity sha512-v2kDEe57lecTulaDIuNTPy3Ry4gLGJ6Z1O3vE1krgXZNrsQ+LFTGHVxVjcXPs17LhbZVGedAJv8XZ1tvj5FvSg==

lru-cache@^6.0.0:
  version "6.0.0"
  resolved "https://registry.yarnpkg.com/lru-cache/-/lru-cache-6.0.0.tgz#6d6fe6570ebd96aaf90fcad1dafa3b2566db3a94"
  integrity sha512-Jo6dJ04CmSjuznwJSS3pUeWmd/H0ffTlkXXgwZi+eq1UCmqQwCh+eLsYOYCwY991i2Fah4h1BEMCx4qThGbsiA==
  dependencies:
    yallist "^4.0.0"

luxon@^1.28.0:
  version "1.28.0"
  resolved "https://registry.yarnpkg.com/luxon/-/luxon-1.28.0.tgz#e7f96daad3938c06a62de0fb027115d251251fbf"
  integrity sha512-TfTiyvZhwBYM/7QdAVDh+7dBTBA29v4ik0Ce9zda3Mnf8on1S5KJI8P2jKFZ8+5C0jhmr0KwJEO/Wdpm0VeWJQ==

moment-timezone@^0.5.34:
  version "0.5.34"
  resolved "https://registry.yarnpkg.com/moment-timezone/-/moment-timezone-0.5.34.tgz#a75938f7476b88f155d3504a9343f7519d9a405c"
  integrity sha512-3zAEHh2hKUs3EXLESx/wsgw6IQdusOT8Bxm3D9UrHPQR7zlMmzwybC8zHEM1tQ4LJwP7fcxrWr8tuBg05fFCbg==
  dependencies:
    moment ">= 2.9.0"

"moment@>= 2.9.0":
  version "2.29.3"
  resolved "https://registry.yarnpkg.com/moment/-/moment-2.29.3.tgz#edd47411c322413999f7a5940d526de183c031f3"
  integrity sha512-c6YRvhEo//6T2Jz/vVtYzqBzwvPT95JBQ+smCytzf7c50oMZRsR/a4w88aD34I+/QVSfnoAnSBFPJHItlOMJVw==

ms@2.1.2:
  version "2.1.2"
  resolved "https://registry.yarnpkg.com/ms/-/ms-2.1.2.tgz#d09d1f357b443f493382a8eb3ccd183872ae6009"
  integrity sha512-sGkPx+VjMtmA6MX27oA4FBFELFCZZ4S4XqeGOXCv68tT+jb3vk/RyaKWP0PTKyWtmLSM0b+adUTEvbs1PEaH2w==

msgpackr-extract-darwin-arm64@1.1.0:
  version "1.1.0"
  resolved "https://registry.yarnpkg.com/msgpackr-extract-darwin-arm64/-/msgpackr-extract-darwin-arm64-1.1.0.tgz#d590dffac6b90edc3ab53392f7ec5668ed94638c"
  integrity sha512-s1kHoT12tS2cCQOv+Wl3I+/cYNJXBPtwQqGA+dPYoXmchhXiE0Nso+BIfvQ5PxbmAyjj54Q5o7PnLTqVquNfZA==

msgpackr-extract-darwin-x64@1.1.0:
  version "1.1.0"
  resolved "https://registry.yarnpkg.com/msgpackr-extract-darwin-x64/-/msgpackr-extract-darwin-x64-1.1.0.tgz#568cbdf5e819ac120659c02b0dbaabf483523ee3"
  integrity sha512-yx/H/i12IKg4eWGu/eKdKzJD4jaYvvujQSaVmeOMCesbSQnWo5X6YR9TFjoiNoU9Aexk1KufzL9gW+1DozG1yw==

msgpackr-extract-linux-arm64@1.1.0:
  version "1.1.0"
  resolved "https://registry.yarnpkg.com/msgpackr-extract-linux-arm64/-/msgpackr-extract-linux-arm64-1.1.0.tgz#c0a30e6687cea4f79115f5762c5fdff90e4a20d4"
  integrity sha512-AxFle3fHNwz2V4CYDIGFxI6o/ZuI0lBKg0uHI8EcCMUmDE5mVAUWYge5WXmORVvb8sVWyVgFlmi3MTu4Ve6tNQ==

msgpackr-extract-linux-arm@1.1.0:
  version "1.1.0"
  resolved "https://registry.yarnpkg.com/msgpackr-extract-linux-arm/-/msgpackr-extract-linux-arm-1.1.0.tgz#38e8db873b6b3986558bde4d7bb15eacc8743a9e"
  integrity sha512-0VvSCqi12xpavxl14gMrauwIzHqHbmSChUijy/uo3mpjB1Pk4vlisKpZsaOZvNJyNKj0ACi5jYtbWnnOd7hYGw==

msgpackr-extract-linux-x64@1.1.0:
  version "1.1.0"
  resolved "https://registry.yarnpkg.com/msgpackr-extract-linux-x64/-/msgpackr-extract-linux-x64-1.1.0.tgz#8c44ca5211d9fa6af77be64a8e687c0be0491ce7"
  integrity sha512-O+XoyNFWpdB8oQL6O/YyzffPpmG5rTNrr1nKLW70HD2ENJUhcITzbV7eZimHPzkn8LAGls1tBaMTHQezTBpFOw==

msgpackr-extract-win32-x64@1.1.0:
  version "1.1.0"
  resolved "https://registry.yarnpkg.com/msgpackr-extract-win32-x64/-/msgpackr-extract-win32-x64-1.1.0.tgz#7bf9bd258e334668842c7532e5e40a60ca3325d7"
  integrity sha512-6AJdM5rNsL4yrskRfhujVSPEd6IBpgvsnIT/TPowKNLQ62iIdryizPY2PJNFiW3AJcY249AHEiDBXS1cTDPxzA==

msgpackr-extract@^1.1.4:
  version "1.1.4"
  resolved "https://registry.yarnpkg.com/msgpackr-extract/-/msgpackr-extract-1.1.4.tgz#665037c1470f225d01d2d735dad0334fff5faae6"
  integrity sha512-WQbHvsThprXh+EqZYy+SQFEs7z6bNM7a0vgirwUfwUcphWGT2mdPcpyLCNiRsN6w5q5VKJUMblHY+tNEyceb9Q==
  dependencies:
    node-gyp-build-optional-packages "^4.3.2"
  optionalDependencies:
    msgpackr-extract-darwin-arm64 "1.1.0"
    msgpackr-extract-darwin-x64 "1.1.0"
    msgpackr-extract-linux-arm "1.1.0"
    msgpackr-extract-linux-arm64 "1.1.0"
    msgpackr-extract-linux-x64 "1.1.0"
    msgpackr-extract-win32-x64 "1.1.0"

msgpackr@^1.5.2:
  version "1.5.6"
  resolved "https://registry.yarnpkg.com/msgpackr/-/msgpackr-1.5.6.tgz#cb1b2a92038093d1a5695286a6e99466c3fcd195"
  integrity sha512-Y1Ia1AYKcz30JOAUyyC0jCicI7SeP8NK+SVCGZIeLg2oQs28wSwW2GbHXktk4ZZmrq9/v2jU0JAbvbp2d1ewpg==
  optionalDependencies:
    msgpackr-extract "^1.1.4"

node-fetch@2:
  version "2.6.7"
  resolved "https://registry.yarnpkg.com/node-fetch/-/node-fetch-2.6.7.tgz#24de9fba827e3b4ae44dc8b20256a379160052ad"
  integrity sha512-ZjMPFEfVx5j+y2yF35Kzx5sF7kDzxuDj6ziH4FFbOp87zKDZNx8yExJIb05OGF4Nlt9IHFIMBkRl41VdvcNdbQ==
  dependencies:
    whatwg-url "^5.0.0"

node-gyp-build-optional-packages@^4.3.2:
  version "4.3.2"
  resolved "https://registry.yarnpkg.com/node-gyp-build-optional-packages/-/node-gyp-build-optional-packages-4.3.2.tgz#82de9bdf9b1ad042457533afb2f67469dc2264bb"
  integrity sha512-P5Ep3ISdmwcCkZIaBaQamQtWAG0facC89phWZgi5Z3hBU//J6S48OIvyZWSPPf6yQMklLZiqoosWAZUj7N+esA==

p-finally@^1.0.0:
  version "1.0.0"
  resolved "https://registry.yarnpkg.com/p-finally/-/p-finally-1.0.0.tgz#3fbcfb15b899a44123b34b6dcc18b724336a2cae"
  integrity sha1-P7z7FbiZpEEjs0ttzBi3JDNqLK4=

p-map@^2.1.0:
  version "2.1.0"
  resolved "https://registry.yarnpkg.com/p-map/-/p-map-2.1.0.tgz#310928feef9c9ecc65b68b17693018a665cea175"
  integrity sha512-y3b8Kpd8OAN444hxfBbFfj1FY/RjtTd8tzYwhUqNYXx0fXx2iX4maP4Qr6qhIKbQXI02wTLAda4fYUbDagTUFw==

p-timeout@^3.2.0:
  version "3.2.0"
  resolved "https://registry.yarnpkg.com/p-timeout/-/p-timeout-3.2.0.tgz#c7e17abc971d2a7962ef83626b35d635acf23dfe"
  integrity sha512-rhIwUycgwwKcP9yTOOFK/AKsAopjjCakVqLHePO3CC6Mir1Z99xT+R63jZxAT5lFZLa2inS5h+ZS2GvR99/FBg==
  dependencies:
    p-finally "^1.0.0"

redis-commands@1.7.0:
  version "1.7.0"
  resolved "https://registry.yarnpkg.com/redis-commands/-/redis-commands-1.7.0.tgz#15a6fea2d58281e27b1cd1acfb4b293e278c3a89"
  integrity sha512-nJWqw3bTFy21hX/CPKHth6sfhZbdiHP6bTawSgQBlKOVRG7EZkfHbbHwQJnrE4vsQf0CMNE+3gJ4Fmm16vdVlQ==

redis-errors@^1.0.0, redis-errors@^1.2.0:
  version "1.2.0"
  resolved "https://registry.yarnpkg.com/redis-errors/-/redis-errors-1.2.0.tgz#eb62d2adb15e4eaf4610c04afe1529384250abad"
  integrity sha1-62LSrbFeTq9GEMBK/hUpOEJQq60=

redis-parser@3.0.0, redis-parser@^3.0.0:
  version "3.0.0"
  resolved "https://registry.yarnpkg.com/redis-parser/-/redis-parser-3.0.0.tgz#b66d828cdcafe6b4b8a428a7def4c6bcac31c8b4"
  integrity sha1-tm2CjNyv5rS4pCin3vTGvKwxyLQ=
  dependencies:
    redis-errors "^1.0.0"

redis@^4.0.6:
  version "4.0.6"
  resolved "https://registry.yarnpkg.com/redis/-/redis-4.0.6.tgz#a2ded4d9f4f4bad148e54781051618fc684cd858"
  integrity sha512-IaPAxgF5dV0jx+A9l6yd6R9/PAChZIoAskDVRzUODeLDNhsMlq7OLLTmu0AwAr0xjrJ1bibW5xdpRwqIQ8Q0Xg==
  dependencies:
    "@node-redis/bloom" "1.0.1"
    "@node-redis/client" "1.0.5"
    "@node-redis/graph" "1.0.0"
    "@node-redis/json" "1.0.2"
    "@node-redis/search" "1.0.5"
    "@node-redis/time-series" "1.0.2"

semver@^7.3.2:
  version "7.3.7"
  resolved "https://registry.yarnpkg.com/semver/-/semver-7.3.7.tgz#12c5b649afdbf9049707796e22a4028814ce523f"
  integrity sha512-QlYTucUYOews+WeEujDoEGziz4K6c47V/Bd+LjSSYcA94p+DmINdf7ncaUinThfvZyu13lN9OY1XDxt8C0Tw0g==
  dependencies:
    lru-cache "^6.0.0"

standard-as-callback@^2.1.0:
  version "2.1.0"
  resolved "https://registry.yarnpkg.com/standard-as-callback/-/standard-as-callback-2.1.0.tgz#8953fc05359868a77b5b9739a665c5977bb7df45"
  integrity sha512-qoRRSyROncaz1z0mvYqIE4lCd9p2R90i6GxW3uZv5ucSu8tU7B5HXUP1gG8pVZsYNVaXjk8ClXHPttLyxAL48A==

tr46@~0.0.3:
  version "0.0.3"
  resolved "https://registry.yarnpkg.com/tr46/-/tr46-0.0.3.tgz#8184fd347dac9cdc185992f3a6622e14b9d9ab6a"
  integrity sha1-gYT9NH2snNwYWZLzpmIuFLnZq2o=

twitter-api-v2@^1.12.0:
  version "1.12.0"
  resolved "https://registry.yarnpkg.com/twitter-api-v2/-/twitter-api-v2-1.12.0.tgz#0c69fd9578a4e870404bb449cd3634275c152d2e"
  integrity sha512-8Fv+sUYY0P1gloiBSgG1w/NSuGUIP32lDKMPVzIMX3jd4zDhiJFtCft41fKs+JqcD8m7s+4vkMO/XwyY2+NULQ==

uuid@^8.3.0:
  version "8.3.2"
  resolved "https://registry.yarnpkg.com/uuid/-/uuid-8.3.2.tgz#80d5b5ced271bb9af6c445f21a1a04c606cefbe2"
  integrity sha512-+NYs2QeMWy+GWFOEm9xnn6HCDp0l7QBD7ml8zLUmJ+93Q5NF0NocErnwkTkXVFNiX3/fpC6afS8Dhb/gz7R7eg==

webidl-conversions@^3.0.0:
  version "3.0.1"
  resolved "https://registry.yarnpkg.com/webidl-conversions/-/webidl-conversions-3.0.1.tgz#24534275e2a7bc6be7bc86611cc16ae0a5654871"
  integrity sha1-JFNCdeKnvGvnvIZhHMFq4KVlSHE=

whatwg-url@^5.0.0:
  version "5.0.0"
  resolved "https://registry.yarnpkg.com/whatwg-url/-/whatwg-url-5.0.0.tgz#966454e8765462e37644d3626f6742ce8b70965d"
  integrity sha1-lmRU6HZUYuN2RNNib2dCzotwll0=
  dependencies:
    tr46 "~0.0.3"
    webidl-conversions "^3.0.0"

yallist@4.0.0, yallist@^4.0.0:
  version "4.0.0"
  resolved "https://registry.yarnpkg.com/yallist/-/yallist-4.0.0.tgz#9bb92790d9c0effec63be73519e11a35019a3a72"
  integrity sha512-3wdGidZyq5PB084XLES5TpOSRA3wjXAlIWMhum2kRcv/41Sn2emQ0dycQW4uZXLejwKvg6EsvbdlVL+FYEct7A==
