# THIS IS AN AUTOGENERATED FILE. DO NOT EDIT THIS FILE DIRECTLY.
# yarn lockfile v1


"@node-redis/bloom@1.0.1":
  version "1.0.1"
  resolved "https://registry.yarnpkg.com/@node-redis/bloom/-/bloom-1.0.1.tgz#144474a0b7dc4a4b91badea2cfa9538ce0a1854e"
  integrity sha512-mXEBvEIgF4tUzdIN89LiYsbi6//EdpFA7L8M+DHCvePXg+bfHWi+ct5VI6nHUFQE5+ohm/9wmgihCH3HSkeKsw==

"@node-redis/client@1.0.5":
  version "1.0.5"
  resolved "https://registry.yarnpkg.com/@node-redis/client/-/client-1.0.5.tgz#ebac5e2bbf12214042a37621604973a954ede755"
  integrity sha512-ESZ3bd1f+od62h4MaBLKum+klVJfA4wAeLHcVQBkoXa1l0viFesOWnakLQqKg+UyrlJhZmXJWtu0Y9v7iTMrig==
  dependencies:
    cluster-key-slot "1.1.0"
    generic-pool "3.8.2"
    redis-parser "3.0.0"
    yallist "4.0.0"

"@node-redis/graph@1.0.0":
  version "1.0.0"
  resolved "https://registry.yarnpkg.com/@node-redis/graph/-/graph-1.0.0.tgz#baf8eaac4a400f86ea04d65ec3d65715fd7951ab"
  integrity sha512-mRSo8jEGC0cf+Rm7q8mWMKKKqkn6EAnA9IA2S3JvUv/gaWW/73vil7GLNwion2ihTptAm05I9LkepzfIXUKX5g==

"@node-redis/json@1.0.2":
  version "1.0.2"
  resolved "https://registry.yarnpkg.com/@node-redis/json/-/json-1.0.2.tgz#8ad2d0f026698dc1a4238cc3d1eb099a3bee5ab8"
  integrity sha512-qVRgn8WfG46QQ08CghSbY4VhHFgaTY71WjpwRBGEuqGPfWwfRcIf3OqSpR7Q/45X+v3xd8mvYjywqh0wqJ8T+g==

"@node-redis/search@1.0.5":
  version "1.0.5"
  resolved "https://registry.yarnpkg.com/@node-redis/search/-/search-1.0.5.tgz#96050007eb7c50a7e47080320b4f12aca8cf94c4"
  integrity sha512-MCOL8iCKq4v+3HgEQv8zGlSkZyXSXtERgrAJ4TSryIG/eLFy84b57KmNNa/V7M1Q2Wd2hgn2nPCGNcQtk1R1OQ==

"@node-redis/time-series@1.0.2":
  version "1.0.2"
  resolved "https://registry.yarnpkg.com/@node-redis/time-series/-/time-series-1.0.2.tgz#5dd3638374edd85ebe0aa6b0e87addc88fb9df69"
  integrity sha512-HGQ8YooJ8Mx7l28tD7XjtB3ImLEjlUxG1wC1PAjxu6hPJqjPshUZxAICzDqDjtIbhDTf48WXXUcx8TQJB1XTKA==

cluster-key-slot@1.1.0:
  version "1.1.0"
  resolved "https://registry.yarnpkg.com/cluster-key-slot/-/cluster-key-slot-1.1.0.tgz#30474b2a981fb12172695833052bc0d01336d10d"
  integrity sha512-2Nii8p3RwAPiFwsnZvukotvow2rIHM+yQ6ZcBXGHdniadkYGZYiGmkHJIbZPIV9nfv7m/U1IPMVVcAhoWFeklw==

cron@^1.8.2:
  version "1.8.2"
  resolved "https://registry.yarnpkg.com/cron/-/cron-1.8.2.tgz#4ac5e3c55ba8c163d84f3407bde94632da8370ce"
  integrity sha512-Gk2c4y6xKEO8FSAUTklqtfSr7oTq0CiPQeLBG5Fl0qoXpZyMcj1SG59YL+hqq04bu6/IuEA7lMkYDAplQNKkyg==
  dependencies:
    moment-timezone "^0.5.x"

generic-pool@3.8.2:
  version "3.8.2"
  resolved "https://registry.yarnpkg.com/generic-pool/-/generic-pool-3.8.2.tgz#aab4f280adb522fdfbdc5e5b64d718d3683f04e9"
  integrity sha512-nGToKy6p3PAbYQ7p1UlWl6vSPwfwU6TMSWK7TTu+WUY4ZjyZQGniGGt2oNVvyNSpyZYSB43zMXVLcBm08MTMkg==

moment-timezone@^0.5.34, moment-timezone@^0.5.x:
  version "0.5.34"
  resolved "https://registry.yarnpkg.com/moment-timezone/-/moment-timezone-0.5.34.tgz#a75938f7476b88f155d3504a9343f7519d9a405c"
  integrity sha512-3zAEHh2hKUs3EXLESx/wsgw6IQdusOT8Bxm3D9UrHPQR7zlMmzwybC8zHEM1tQ4LJwP7fcxrWr8tuBg05fFCbg==
  dependencies:
    moment ">= 2.9.0"

"moment@>= 2.9.0":
  version "2.29.3"
  resolved "https://registry.yarnpkg.com/moment/-/moment-2.29.3.tgz#edd47411c322413999f7a5940d526de183c031f3"
  integrity sha512-c6YRvhEo//6T2Jz/vVtYzqBzwvPT95JBQ+smCytzf7c50oMZRsR/a4w88aD34I+/QVSfnoAnSBFPJHItlOMJVw==

node-fetch@2:
  version "2.6.7"
  resolved "https://registry.yarnpkg.com/node-fetch/-/node-fetch-2.6.7.tgz#24de9fba827e3b4ae44dc8b20256a379160052ad"
  integrity sha512-ZjMPFEfVx5j+y2yF35Kzx5sF7kDzxuDj6ziH4FFbOp87zKDZNx8yExJIb05OGF4Nlt9IHFIMBkRl41VdvcNdbQ==
  dependencies:
    whatwg-url "^5.0.0"

redis-errors@^1.0.0:
  version "1.2.0"
  resolved "https://registry.yarnpkg.com/redis-errors/-/redis-errors-1.2.0.tgz#eb62d2adb15e4eaf4610c04afe1529384250abad"
  integrity sha1-62LSrbFeTq9GEMBK/hUpOEJQq60=

redis-parser@3.0.0:
  version "3.0.0"
  resolved "https://registry.yarnpkg.com/redis-parser/-/redis-parser-3.0.0.tgz#b66d828cdcafe6b4b8a428a7def4c6bcac31c8b4"
  integrity sha1-tm2CjNyv5rS4pCin3vTGvKwxyLQ=
  dependencies:
    redis-errors "^1.0.0"

redis@^4.0.6:
  version "4.0.6"
  resolved "https://registry.yarnpkg.com/redis/-/redis-4.0.6.tgz#a2ded4d9f4f4bad148e54781051618fc684cd858"
  integrity sha512-IaPAxgF5dV0jx+A9l6yd6R9/PAChZIoAskDVRzUODeLDNhsMlq7OLLTmu0AwAr0xjrJ1bibW5xdpRwqIQ8Q0Xg==
  dependencies:
    "@node-redis/bloom" "1.0.1"
    "@node-redis/client" "1.0.5"
    "@node-redis/graph" "1.0.0"
    "@node-redis/json" "1.0.2"
    "@node-redis/search" "1.0.5"
    "@node-redis/time-series" "1.0.2"

tr46@~0.0.3:
  version "0.0.3"
  resolved "https://registry.yarnpkg.com/tr46/-/tr46-0.0.3.tgz#8184fd347dac9cdc185992f3a6622e14b9d9ab6a"
  integrity sha1-gYT9NH2snNwYWZLzpmIuFLnZq2o=

twitter-api-v2@^1.12.0:
  version "1.12.0"
  resolved "https://registry.yarnpkg.com/twitter-api-v2/-/twitter-api-v2-1.12.0.tgz#0c69fd9578a4e870404bb449cd3634275c152d2e"
  integrity sha512-8Fv+sUYY0P1gloiBSgG1w/NSuGUIP32lDKMPVzIMX3jd4zDhiJFtCft41fKs+JqcD8m7s+4vkMO/XwyY2+NULQ==

webidl-conversions@^3.0.0:
  version "3.0.1"
  resolved "https://registry.yarnpkg.com/webidl-conversions/-/webidl-conversions-3.0.1.tgz#24534275e2a7bc6be7bc86611cc16ae0a5654871"
  integrity sha1-JFNCdeKnvGvnvIZhHMFq4KVlSHE=

whatwg-url@^5.0.0:
  version "5.0.0"
  resolved "https://registry.yarnpkg.com/whatwg-url/-/whatwg-url-5.0.0.tgz#966454e8765462e37644d3626f6742ce8b70965d"
  integrity sha1-lmRU6HZUYuN2RNNib2dCzotwll0=
  dependencies:
    tr46 "~0.0.3"
    webidl-conversions "^3.0.0"

yallist@4.0.0:
  version "4.0.0"
  resolved "https://registry.yarnpkg.com/yallist/-/yallist-4.0.0.tgz#9bb92790d9c0effec63be73519e11a35019a3a72"
  integrity sha512-3wdGidZyq5PB084XLES5TpOSRA3wjXAlIWMhum2kRcv/41Sn2emQ0dycQW4uZXLejwKvg6EsvbdlVL+FYEct7A==
